
Microsoft Visual Studio Solution File, Format Version 12.00
# Visual Studio 2012
Project("{FAE04EC0-301F-11D3-BF4B-00C04F79EFBC}") = "SampleProject", "SampleProject\SampleProject.csproj", "{CC04D8B6-0B31-485E-B7BB-4E3D4C33B45C}"
EndProject
Project("{FAE04EC0-301F-11D3-BF4B-00C04F79EFBC}") = "NUnitTests", "NUnitTests\NUnitTests.csproj", "{1C612B6B-0492-4E1F-9DE3-DC087C0BBEAB}"
EndProject
Global
	GlobalSection(SolutionConfigurationPlatforms) = preSolution
		Debug|Any CPU = Debug|Any CPU
		Release|Any CPU = Release|Any CPU
	EndGlobalSection
	GlobalSection(ProjectConfigurationPlatforms) = postSolution
		{CC04D8B6-0B31-485E-B7BB-4E3D4C33B45C}.Debug|Any CPU.ActiveCfg = Debug|Any CPU
		{CC04D8B6-0B31-485E-B7BB-4E3D4C33B45C}.Debug|Any CPU.Build.0 = Debug|Any CPU
		{CC04D8B6-0B31-485E-B7BB-4E3D4C33B45C}.Release|Any CPU.ActiveCfg = Release|Any CPU
		{CC04D8B6-0B31-485E-B7BB-4E3D4C33B45C}.Release|Any CPU.Build.0 = Release|Any CPU
		{1C612B6B-0492-4E1F-9DE3-DC087C0BBEAB}.Debug|Any CPU.ActiveCfg = Debug|Any CPU
		{1C612B6B-0492-4E1F-9DE3-DC087C0BBEAB}.Debug|Any CPU.Build.0 = Debug|Any CPU
		{1C612B6B-0492-4E1F-9DE3-DC087C0BBEAB}.Release|Any CPU.ActiveCfg = Release|Any CPU
		{1C612B6B-0492-4E1F-9DE3-DC087C0BBEAB}.Release|Any CPU.Build.0 = Release|Any CPU
	EndGlobalSection
	GlobalSection(SolutionProperties) = preSolution
		HideSolutionNode = FALSE
	EndGlobalSection
EndGlobal
